speakeasyVersion: 1.759.3
sources:
    Directory API:
        sourceNamespace: directory-api
        sourceRevisionDigest: sha256:b927faf3e8eb21a72e95059fa621f88153c2d93496e8b10142a423dd77d0ef2a
        sourceBlobDigest: sha256:1c5461b755b1d298f027e391aa3eba3473249929a1ac49d344368a822b4f70b1
        tags:
            - latest
            - v1
targets:
    meitner:
        source: Directory API
        sourceNamespace: directory-api
        sourceRevisionDigest: sha256:b927faf3e8eb21a72e95059fa621f88153c2d93496e8b10142a423dd77d0ef2a
        sourceBlobDigest: sha256:1c5461b755b1d298f027e391aa3eba3473249929a1ac49d344368a822b4f70b1
        codeSamplesNamespace: directory-api-csharp-code-samples
        codeSamplesRevisionDigest: sha256:f5b75a4725964c22812354905f294d947a849e9ca500bfdc684219f50a3fd806
workflow:
    workflowVersion: 1.0.0
    speakeasyVersion: latest
    sources:
        Directory API:
            inputs:
                - location: https://api.staging.meitner.se/directory/v1/openapi.json
            output: .speakeasy/out.openapi.yaml
            registry:
                location: registry.speakeasyapi.dev/meitner-2u8/api/directory-api
    targets:
        meitner:
            target: csharp
            source: Directory API
            publish:
                nuget:
                    apiKey: $nuget_api_key
            codeSamples:
                registry:
                    location: registry.speakeasyapi.dev/meitner-2u8/api/directory-api-csharp-code-samples
                labelOverride:
                    fixedValue: Csharp (SDK)
                blocking: false
