speakeasyVersion: 1.788.1
sources:
    Directory API:
        sourceNamespace: directory-api
        sourceRevisionDigest: sha256:8947ddf26d37d274873d06e25b6f76b538f7d0e4e3508c0cff1c2dc31665abbd
        sourceBlobDigest: sha256:a19fc539ecfb4cd11d97b884cdb780a612a70753533b61bec0dec43bdde40948
        tags:
            - latest
            - v1
targets:
    meitner:
        source: Directory API
        sourceNamespace: directory-api
        sourceRevisionDigest: sha256:8947ddf26d37d274873d06e25b6f76b538f7d0e4e3508c0cff1c2dc31665abbd
        sourceBlobDigest: sha256:a19fc539ecfb4cd11d97b884cdb780a612a70753533b61bec0dec43bdde40948
        codeSamplesNamespace: directory-api-csharp-code-samples
        codeSamplesRevisionDigest: sha256:dc2167bf2f200bc87143c41dbc3ac9ae162d6dace0adf18879c51642600c6d30
workflow:
    workflowVersion: 1.0.0
    speakeasyVersion: latest
    sources:
        Directory API:
            inputs:
                - location: https://api.staging.meitner.se/directory/v1/openapi.json
            output: .speakeasy/out.openapi.yaml
            registry:
                location: registry.speakeasyapi.dev/meitner-2u8/api/directory-api
    targets:
        meitner:
            target: csharp
            source: Directory API
            publish:
                nuget:
                    apiKey: $nuget_api_key
            codeSamples:
                registry:
                    location: registry.speakeasyapi.dev/meitner-2u8/api/directory-api-csharp-code-samples
                labelOverride:
                    fixedValue: Csharp (SDK)
                blocking: false
