speakeasyVersion: 1.696.0
sources:
    Directory API:
        sourceNamespace: directory-api
        sourceRevisionDigest: sha256:96e142d868aa89a8294508cdb73f6b537ded7d56ecbe46893b9be3a25890cc1a
        sourceBlobDigest: sha256:67759162a08b314b37ea4d17ceb8e06a541d6444a3699817b5cf745c2873419d
        tags:
            - latest
            - speakeasy-sdk-regen-1766449969
            - v1
targets:
    meitner:
        source: Directory API
        sourceNamespace: directory-api
        sourceRevisionDigest: sha256:96e142d868aa89a8294508cdb73f6b537ded7d56ecbe46893b9be3a25890cc1a
        sourceBlobDigest: sha256:67759162a08b314b37ea4d17ceb8e06a541d6444a3699817b5cf745c2873419d
        codeSamplesNamespace: directory-api-csharp-code-samples
        codeSamplesRevisionDigest: sha256:8ec05d795c5f8b628fd81985eba569369198ba070c88bdd53421b41d60311686
workflow:
    workflowVersion: 1.0.0
    speakeasyVersion: latest
    sources:
        Directory API:
            inputs:
                - location: https://api.staging.meitner.se/directory/v1/openapi.json
            output: .speakeasy/out.openapi.yaml
            registry:
                location: registry.speakeasyapi.dev/meitner-2u8/api/directory-api
    targets:
        meitner:
            target: csharp
            source: Directory API
            publish:
                nuget:
                    apiKey: $nuget_api_key
            codeSamples:
                registry:
                    location: registry.speakeasyapi.dev/meitner-2u8/api/directory-api-csharp-code-samples
                labelOverride:
                    fixedValue: Csharp (SDK)
                blocking: false
